<?xml version="1.0" encoding="utf-8"?>
<Project ToolsVersion="4.0" xmlns="http://schemas.microsoft.com/developer/msbuild/2003">
  <ItemGroup>
    <Filter Include="Source Files">
      <UniqueIdentifier>{4FC737F1-C7A5-4376-A066-2A32D752A2FF}</UniqueIdentifier>
      <Extensions>cpp;c;cc;cxx;c++;cppm;ixx;def;odl;idl;hpj;bat;asm;asmx</Extensions>
    </Filter>
    <Filter Include="Shader">
      <UniqueIdentifier>{eac3032d-78e9-40c3-824d-79ccc1f888b9}</UniqueIdentifier>
    </Filter>
    <Filter Include="FlexLibrary">
      <UniqueIdentifier>{b2aa98ce-1768-4210-871d-d96961abc088}</UniqueIdentifier>
    </Filter>
    <Filter Include="Source Files\Rendering">
      <UniqueIdentifier>{b8a7f58c-cfc2-45be-a60f-821a8ba09946}</UniqueIdentifier>
    </Filter>
    <Filter Include="Source Files\Rendering\Modules">
      <UniqueIdentifier>{b02885ae-920e-4051-8f31-1321065de96d}</UniqueIdentifier>
    </Filter>
  </ItemGroup>
  <ItemGroup>
    <ClCompile Include="Code Files\main.cpp">
      <Filter>Source Files</Filter>
    </ClCompile>
    <ClCompile Include="Code Files\FlexLibrary\FlexTimer.cpp">
      <Filter>FlexLibrary</Filter>
    </ClCompile>
    <ClCompile Include="Code Files\FXE_DebugMessenger.cpp">
      <Filter>Source Files</Filter>
    </ClCompile>
    <ClCompile Include="Code Files\FXE_Window.cpp">
      <Filter>Source Files</Filter>
    </ClCompile>
    <ClCompile Include="Code Files\Rendering\EngineApplication.cpp">
      <Filter>Source Files\Rendering</Filter>
    </ClCompile>
    <ClCompile Include="Code Files\Rendering\FXE_Model.cpp">
      <Filter>Source Files\Rendering</Filter>
    </ClCompile>
    <ClCompile Include="Code Files\Rendering\FXE_Camera.cpp">
      <Filter>Source Files\Rendering</Filter>
    </ClCompile>
    <ClCompile Include="Code Files\Rendering\Modules\FlexBuffer.cpp">
      <Filter>Source Files\Rendering\Modules</Filter>
    </ClCompile>
  </ItemGroup>
  <ItemGroup>
    <None Include="Code Files\Shader\Vertex_Shader.frag">
      <Filter>Shader</Filter>
    </None>
    <None Include="Code Files\Shader\Vertex_Shader.vert">
      <Filter>Shader</Filter>
    </None>
  </ItemGroup>
  <ItemGroup>
    <ClInclude Include="Code Files\FlexLibrary\Flextimer.h">
      <Filter>FlexLibrary</Filter>
    </ClInclude>
    <ClInclude Include="Code Files\FXE_ExtraFunctions.h">
      <Filter>Source Files</Filter>
    </ClInclude>
    <ClInclude Include="Code Files\FXE_Window.h">
      <Filter>Source Files</Filter>
    </ClInclude>
    <ClInclude Include="Code Files\FXE_DebugMessenger.h">
      <Filter>Source Files</Filter>
    </ClInclude>
    <ClInclude Include="Code Files\Rendering\EngineApplication.h">
      <Filter>Source Files\Rendering</Filter>
    </ClInclude>
    <ClInclude Include="Code Files\Rendering\FXE_Model.h">
      <Filter>Source Files\Rendering</Filter>
    </ClInclude>
    <ClInclude Include="Code Files\Rendering\FXE_RendererManager.h">
      <Filter>Source Files\Rendering</Filter>
    </ClInclude>
    <ClInclude Include="Code Files\Rendering\FXE_Camera.h">
      <Filter>Source Files\Rendering</Filter>
    </ClInclude>
    <ClInclude Include="Code Files\Rendering\Modules\FlexBuffer.h">
      <Filter>Source Files\Rendering\Modules</Filter>
    </ClInclude>
  </ItemGroup>
</Project>